// !$*UTF8*$!
{
	archiveVersion = 1;
	classes = {
	};
	objectVersion = 50;
	objects = {

/* Begin PBXBuildFile section */
		32264F8D2666838D0021F4FE /* AppDelegate.swift in Sources */ = {isa = PBXBuildFile; fileRef = 32264F8C2666838D0021F4FE /* AppDelegate.swift */; };
		32264F8F2666838D0021F4FE /* SceneDelegate.swift in Sources */ = {isa = PBXBuildFile; fileRef = 32264F8E2666838D0021F4FE /* SceneDelegate.swift */; };
		32264F912666838D0021F4FE /* ViewController.swift in Sources */ = {isa = PBXBuildFile; fileRef = 32264F902666838D0021F4FE /* ViewController.swift */; };
		32264F942666838D0021F4FE /* Main.storyboard in Resources */ = {isa = PBXBuildFile; fileRef = 32264F922666838D0021F4FE /* Main.storyboard */; };
		32264F962666838F0021F4FE /* Assets.xcassets in Resources */ = {isa = PBXBuildFile; fileRef = 32264F952666838F0021F4FE /* Assets.xcassets */; };
		32264F992666838F0021F4FE /* LaunchScreen.storyboard in Resources */ = {isa = PBXBuildFile; fileRef = 32264F972666838F0021F4FE /* LaunchScreen.storyboard */; };
		3260AD6A26BC3EFC005643BB /* EffectViewController.swift in Sources */ = {isa = PBXBuildFile; fileRef = 3260AD6926BC3EFC005643BB /* EffectViewController.swift */; };
		3260AD7D26BC5507005643BB /* ControlViewController.swift in Sources */ = {isa = PBXBuildFile; fileRef = 3260AD7C26BC5507005643BB /* ControlViewController.swift */; };
		32B5776326B98343001BA75A /* Device.swift in Sources */ = {isa = PBXBuildFile; fileRef = 32B5776226B98343001BA75A /* Device.swift */; };
		32B5777826B98F50001BA75A /* MullerBold.ttf in Resources */ = {isa = PBXBuildFile; fileRef = 32B5776426B98F4F001BA75A /* MullerBold.ttf */; };
		32B5777926B98F50001BA75A /* MullerBlack.ttf in Resources */ = {isa = PBXBuildFile; fileRef = 32B5776526B98F4F001BA75A /* MullerBlack.ttf */; };
		32B5777A26B98F50001BA75A /* MullerHairline.ttf in Resources */ = {isa = PBXBuildFile; fileRef = 32B5776626B98F4F001BA75A /* MullerHairline.ttf */; };
		32B5777B26B98F50001BA75A /* MullerBoldItalic.ttf in Resources */ = {isa = PBXBuildFile; fileRef = 32B5776726B98F4F001BA75A /* MullerBoldItalic.ttf */; };
		32B5777C26B98F50001BA75A /* MullerThin.ttf in Resources */ = {isa = PBXBuildFile; fileRef = 32B5776826B98F4F001BA75A /* MullerThin.ttf */; };
		32B5777D26B98F50001BA75A /* MullerExtraBold.ttf in Resources */ = {isa = PBXBuildFile; fileRef = 32B5776926B98F4F001BA75A /* MullerExtraBold.ttf */; };
		32B5777E26B98F50001BA75A /* MullerRegular.ttf in Resources */ = {isa = PBXBuildFile; fileRef = 32B5776A26B98F4F001BA75A /* MullerRegular.ttf */; };
		32B5777F26B98F50001BA75A /* MullerLight.ttf in Resources */ = {isa = PBXBuildFile; fileRef = 32B5776B26B98F4F001BA75A /* MullerLight.ttf */; };
		32B5778026B98F50001BA75A /* MullerMediumItalic.ttf in Resources */ = {isa = PBXBuildFile; fileRef = 32B5776C26B98F4F001BA75A /* MullerMediumItalic.ttf */; };
		32B5778126B98F50001BA75A /* MullerHeavy.ttf in Resources */ = {isa = PBXBuildFile; fileRef = 32B5776D26B98F4F001BA75A /* MullerHeavy.ttf */; };
		32B5778226B98F50001BA75A /* MullerLightItalic.ttf in Resources */ = {isa = PBXBuildFile; fileRef = 32B5776E26B98F4F001BA75A /* MullerLightItalic.ttf */; };
		32B5778326B98F50001BA75A /* MullerBlackItalic.ttf in Resources */ = {isa = PBXBuildFile; fileRef = 32B5776F26B98F4F001BA75A /* MullerBlackItalic.ttf */; };
		32B5778426B98F50001BA75A /* MullerHairlineItalic.ttf in Resources */ = {isa = PBXBuildFile; fileRef = 32B5777026B98F4F001BA75A /* MullerHairlineItalic.ttf */; };
		32B5778526B98F50001BA75A /* MullerThinItalic.ttf in Resources */ = {isa = PBXBuildFile; fileRef = 32B5777126B98F4F001BA75A /* MullerThinItalic.ttf */; };
		32B5778626B98F50001BA75A /* MullerExtraBoldItalic.ttf in Resources */ = {isa = PBXBuildFile; fileRef = 32B5777226B98F4F001BA75A /* MullerExtraBoldItalic.ttf */; };
		32B5778726B98F50001BA75A /* MullerRegularItalic.ttf in Resources */ = {isa = PBXBuildFile; fileRef = 32B5777326B98F4F001BA75A /* MullerRegularItalic.ttf */; };
		32B5778826B98F50001BA75A /* MullerUltraLightItalic.ttf in Resources */ = {isa = PBXBuildFile; fileRef = 32B5777426B98F4F001BA75A /* MullerUltraLightItalic.ttf */; };
		32B5778926B98F50001BA75A /* MullerHeavyItalic.ttf in Resources */ = {isa = PBXBuildFile; fileRef = 32B5777526B98F4F001BA75A /* MullerHeavyItalic.ttf */; };
		32B5778A26B98F50001BA75A /* MullerMedium.ttf in Resources */ = {isa = PBXBuildFile; fileRef = 32B5777626B98F4F001BA75A /* MullerMedium.ttf */; };
		32B5778B26B98F50001BA75A /* MullerUltraLight.ttf in Resources */ = {isa = PBXBuildFile; fileRef = 32B5777726B98F50001BA75A /* MullerUltraLight.ttf */; };
		32B5779126BBF8D3001BA75A /* Communication.swift in Sources */ = {isa = PBXBuildFile; fileRef = 32B5779026BBF8D3001BA75A /* Communication.swift */; };
/* End PBXBuildFile section */

/* Begin PBXFileReference section */
		32264F892666838D0021F4FE /* Exoy Control.app */ = {isa = PBXFileReference; explicitFileType = wrapper.application; includeInIndex = 0; path = "Exoy Control.app"; sourceTree = BUILT_PRODUCTS_DIR; };
		32264F8C2666838D0021F4FE /* AppDelegate.swift */ = {isa = PBXFileReference; lastKnownFileType = sourcecode.swift; path = AppDelegate.swift; sourceTree = "<group>"; };
		32264F8E2666838D0021F4FE /* SceneDelegate.swift */ = {isa = PBXFileReference; lastKnownFileType = sourcecode.swift; path = SceneDelegate.swift; sourceTree = "<group>"; };
		32264F902666838D0021F4FE /* ViewController.swift */ = {isa = PBXFileReference; lastKnownFileType = sourcecode.swift; path = ViewController.swift; sourceTree = "<group>"; };
		32264F932666838D0021F4FE /* Base */ = {isa = PBXFileReference; lastKnownFileType = file.storyboard; name = Base; path = Base.lproj/Main.storyboard; sourceTree = "<group>"; };
		32264F952666838F0021F4FE /* Assets.xcassets */ = {isa = PBXFileReference; lastKnownFileType = folder.assetcatalog; path = Assets.xcassets; sourceTree = "<group>"; };
		32264F982666838F0021F4FE /* Base */ = {isa = PBXFileReference; lastKnownFileType = file.storyboard; name = Base; path = Base.lproj/LaunchScreen.storyboard; sourceTree = "<group>"; };
		32264F9A2666838F0021F4FE /* Info.plist */ = {isa = PBXFileReference; lastKnownFileType = text.plist.xml; path = Info.plist; sourceTree = "<group>"; };
		3260AD6926BC3EFC005643BB /* EffectViewController.swift */ = {isa = PBXFileReference; lastKnownFileType = sourcecode.swift; path = EffectViewController.swift; sourceTree = "<group>"; };
		3260AD7C26BC5507005643BB /* ControlViewController.swift */ = {isa = PBXFileReference; fileEncoding = 4; lastKnownFileType = sourcecode.swift; path = ControlViewController.swift; sourceTree = "<group>"; };
		32B5776226B98343001BA75A /* Device.swift */ = {isa = PBXFileReference; lastKnownFileType = sourcecode.swift; path = Device.swift; sourceTree = "<group>"; };
		32B5776426B98F4F001BA75A /* MullerBold.ttf */ = {isa = PBXFileReference; lastKnownFileType = file; name = MullerBold.ttf; path = ../../../../../Downloads/font/MullerBold.ttf; sourceTree = "<group>"; };
		32B5776526B98F4F001BA75A /* MullerBlack.ttf */ = {isa = PBXFileReference; lastKnownFileType = file; name = MullerBlack.ttf; path = ../../../../../Downloads/font/MullerBlack.ttf; sourceTree = "<group>"; };
		32B5776626B98F4F001BA75A /* MullerHairline.ttf */ = {isa = PBXFileReference; lastKnownFileType = file; name = MullerHairline.ttf; path = ../../../../../Downloads/font/MullerHairline.ttf; sourceTree = "<group>"; };
		32B5776726B98F4F001BA75A /* MullerBoldItalic.ttf */ = {isa = PBXFileReference; lastKnownFileType = file; name = MullerBoldItalic.ttf; path = ../../../../../Downloads/font/MullerBoldItalic.ttf; sourceTree = "<group>"; };
		32B5776826B98F4F001BA75A /* MullerThin.ttf */ = {isa = PBXFileReference; lastKnownFileType = file; name = MullerThin.ttf; path = ../../../../../Downloads/font/MullerThin.ttf; sourceTree = "<group>"; };
		32B5776926B98F4F001BA75A /* MullerExtraBold.ttf */ = {isa = PBXFileReference; lastKnownFileType = file; name = MullerExtraBold.ttf; path = ../../../../../Downloads/font/MullerExtraBold.ttf; sourceTree = "<group>"; };
		32B5776A26B98F4F001BA75A /* MullerRegular.ttf */ = {isa = PBXFileReference; lastKnownFileType = file; name = MullerRegular.ttf; path = ../../../../../Downloads/font/MullerRegular.ttf; sourceTree = "<group>"; };
		32B5776B26B98F4F001BA75A /* MullerLight.ttf */ = {isa = PBXFileReference; lastKnownFileType = file; name = MullerLight.ttf; path = ../../../../../Downloads/font/MullerLight.ttf; sourceTree = "<group>"; };
		32B5776C26B98F4F001BA75A /* MullerMediumItalic.ttf */ = {isa = PBXFileReference; lastKnownFileType = file; name = MullerMediumItalic.ttf; path = ../../../../../Downloads/font/MullerMediumItalic.ttf; sourceTree = "<group>"; };
		32B5776D26B98F4F001BA75A /* MullerHeavy.ttf */ = {isa = PBXFileReference; lastKnownFileType = file; name = MullerHeavy.ttf; path = ../../../../../Downloads/font/MullerHeavy.ttf; sourceTree = "<group>"; };
		32B5776E26B98F4F001BA75A /* MullerLightItalic.ttf */ = {isa = PBXFileReference; lastKnownFileType = file; name = MullerLightItalic.ttf; path = ../../../../../Downloads/font/MullerLightItalic.ttf; sourceTree = "<group>"; };
		32B5776F26B98F4F001BA75A /* MullerBlackItalic.ttf */ = {isa = PBXFileReference; lastKnownFileType = file; name = MullerBlackItalic.ttf; path = ../../../../../Downloads/font/MullerBlackItalic.ttf; sourceTree = "<group>"; };
		32B5777026B98F4F001BA75A /* MullerHairlineItalic.ttf */ = {isa = PBXFileReference; lastKnownFileType = file; name = MullerHairlineItalic.ttf; path = ../../../../../Downloads/font/MullerHairlineItalic.ttf; sourceTree = "<group>"; };
		32B5777126B98F4F001BA75A /* MullerThinItalic.ttf */ = {isa = PBXFileReference; lastKnownFileType = file; name = MullerThinItalic.ttf; path = ../../../../../Downloads/font/MullerThinItalic.ttf; sourceTree = "<group>"; };
		32B5777226B98F4F001BA75A /* MullerExtraBoldItalic.ttf */ = {isa = PBXFileReference; lastKnownFileType = file; name = MullerExtraBoldItalic.ttf; path = ../../../../../Downloads/font/MullerExtraBoldItalic.ttf; sourceTree = "<group>"; };
		32B5777326B98F4F001BA75A /* MullerRegularItalic.ttf */ = {isa = PBXFileReference; lastKnownFileType = file; name = MullerRegularItalic.ttf; path = ../../../../../Downloads/font/MullerRegularItalic.ttf; sourceTree = "<group>"; };
		32B5777426B98F4F001BA75A /* MullerUltraLightItalic.ttf */ = {isa = PBXFileReference; lastKnownFileType = file; name = MullerUltraLightItalic.ttf; path = ../../../../../Downloads/font/MullerUltraLightItalic.ttf; sourceTree = "<group>"; };
		32B5777526B98F4F001BA75A /* MullerHeavyItalic.ttf */ = {isa = PBXFileReference; lastKnownFileType = file; name = MullerHeavyItalic.ttf; path = ../../../../../Downloads/font/MullerHeavyItalic.ttf; sourceTree = "<group>"; };
		32B5777626B98F4F001BA75A /* MullerMedium.ttf */ = {isa = PBXFileReference; lastKnownFileType = file; name = MullerMedium.ttf; path = ../../../../../Downloads/font/MullerMedium.ttf; sourceTree = "<group>"; };
		32B5777726B98F50001BA75A /* MullerUltraLight.ttf */ = {isa = PBXFileReference; lastKnownFileType = file; name = MullerUltraLight.ttf; path = ../../../../../Downloads/font/MullerUltraLight.ttf; sourceTree = "<group>"; };
		32B5779026BBF8D3001BA75A /* Communication.swift */ = {isa = PBXFileReference; lastKnownFileType = sourcecode.swift; path = Communication.swift; sourceTree = "<group>"; };
/* End PBXFileReference section */

/* Begin PBXFrameworksBuildPhase section */
		32264F862666838D0021F4FE /* Frameworks */ = {
			isa = PBXFrameworksBuildPhase;
			buildActionMask = 2147483647;
			files = (
			);
			runOnlyForDeploymentPostprocessing = 0;
		};
/* End PBXFrameworksBuildPhase section */

/* Begin PBXGroup section */
		320739DA267B8C7000098F12 /* Fonts */ = {
			isa = PBXGroup;
			children = (
				32B5776526B98F4F001BA75A /* MullerBlack.ttf */,
				32B5776F26B98F4F001BA75A /* MullerBlackItalic.ttf */,
				32B5776426B98F4F001BA75A /* MullerBold.ttf */,
				32B5776726B98F4F001BA75A /* MullerBoldItalic.ttf */,
				32B5776926B98F4F001BA75A /* MullerExtraBold.ttf */,
				32B5777226B98F4F001BA75A /* MullerExtraBoldItalic.ttf */,
				32B5776626B98F4F001BA75A /* MullerHairline.ttf */,
				32B5777026B98F4F001BA75A /* MullerHairlineItalic.ttf */,
				32B5776D26B98F4F001BA75A /* MullerHeavy.ttf */,
				32B5777526B98F4F001BA75A /* MullerHeavyItalic.ttf */,
				32B5776B26B98F4F001BA75A /* MullerLight.ttf */,
				32B5776E26B98F4F001BA75A /* MullerLightItalic.ttf */,
				32B5777626B98F4F001BA75A /* MullerMedium.ttf */,
				32B5776C26B98F4F001BA75A /* MullerMediumItalic.ttf */,
				32B5776A26B98F4F001BA75A /* MullerRegular.ttf */,
				32B5777326B98F4F001BA75A /* MullerRegularItalic.ttf */,
				32B5776826B98F4F001BA75A /* MullerThin.ttf */,
				32B5777126B98F4F001BA75A /* MullerThinItalic.ttf */,
				32B5777726B98F50001BA75A /* MullerUltraLight.ttf */,
				32B5777426B98F4F001BA75A /* MullerUltraLightItalic.ttf */,
			);
			path = Fonts;
			sourceTree = "<group>";
		};
		32264F802666838D0021F4FE = {
			isa = PBXGroup;
			children = (
				32264F8B2666838D0021F4FE /* Exoy Control */,
				32264F8A2666838D0021F4FE /* Products */,
			);
			sourceTree = "<group>";
		};
		32264F8A2666838D0021F4FE /* Products */ = {
			isa = PBXGroup;
			children = (
				32264F892666838D0021F4FE /* Exoy Control.app */,
			);
			name = Products;
			sourceTree = "<group>";
		};
		32264F8B2666838D0021F4FE /* Exoy Control */ = {
			isa = PBXGroup;
			children = (
				32B5776126B980C2001BA75A /* Controller */,
				32B5776026B980BD001BA75A /* View */,
				32B5775F26B980B2001BA75A /* Model */,
				320739DA267B8C7000098F12 /* Fonts */,
				32264F8C2666838D0021F4FE /* AppDelegate.swift */,
				32264F8E2666838D0021F4FE /* SceneDelegate.swift */,
				32264F952666838F0021F4FE /* Assets.xcassets */,
				32264F972666838F0021F4FE /* LaunchScreen.storyboard */,
				32264F9A2666838F0021F4FE /* Info.plist */,
			);
			path = "Exoy Control";
			sourceTree = "<group>";
		};
		32B5775F26B980B2001BA75A /* Model */ = {
			isa = PBXGroup;
			children = (
				32B5776226B98343001BA75A /* Device.swift */,
				32B5779026BBF8D3001BA75A /* Communication.swift */,
			);
			path = Model;
			sourceTree = "<group>";
		};
		32B5776026B980BD001BA75A /* View */ = {
			isa = PBXGroup;
			children = (
				32264F922666838D0021F4FE /* Main.storyboard */,
			);
			path = View;
			sourceTree = "<group>";
		};
		32B5776126B980C2001BA75A /* Controller */ = {
			isa = PBXGroup;
			children = (
				32264F902666838D0021F4FE /* ViewController.swift */,
				3260AD6926BC3EFC005643BB /* EffectViewController.swift */,
				3260AD7C26BC5507005643BB /* ControlViewController.swift */,
			);
			path = Controller;
			sourceTree = "<group>";
		};
/* End PBXGroup section */

/* Begin PBXNativeTarget section */
		32264F882666838D0021F4FE /* Exoy Control */ = {
			isa = PBXNativeTarget;
			buildConfigurationList = 32264F9D2666838F0021F4FE /* Build configuration list for PBXNativeTarget "Exoy Control" */;
			buildPhases = (
				32264F852666838D0021F4FE /* Sources */,
				32264F862666838D0021F4FE /* Frameworks */,
				32264F872666838D0021F4FE /* Resources */,
			);
			buildRules = (
			);
			dependencies = (
			);
			name = "Exoy Control";
			productName = "Exoy Control";
			productReference = 32264F892666838D0021F4FE /* Exoy Control.app */;
			productType = "com.apple.product-type.application";
		};
/* End PBXNativeTarget section */

/* Begin PBXProject section */
		32264F812666838D0021F4FE /* Project object */ = {
			isa = PBXProject;
			attributes = {
				LastSwiftUpdateCheck = 1250;
				LastUpgradeCheck = 1250;
				TargetAttributes = {
					32264F882666838D0021F4FE = {
						CreatedOnToolsVersion = 12.5;
					};
				};
			};
			buildConfigurationList = 32264F842666838D0021F4FE /* Build configuration list for PBXProject "Exoy Control" */;
			compatibilityVersion = "Xcode 9.3";
			developmentRegion = en;
			hasScannedForEncodings = 0;
			knownRegions = (
				en,
				Base,
			);
			mainGroup = 32264F802666838D0021F4FE;
			productRefGroup = 32264F8A2666838D0021F4FE /* Products */;
			projectDirPath = "";
			projectRoot = "";
			targets = (
				32264F882666838D0021F4FE /* Exoy Control */,
			);
		};
/* End PBXProject section */

/* Begin PBXResourcesBuildPhase section */
		32264F872666838D0021F4FE /* Resources */ = {
			isa = PBXResourcesBuildPhase;
			buildActionMask = 2147483647;
			files = (
				32B5777926B98F50001BA75A /* MullerBlack.ttf in Resources */,
				32B5777826B98F50001BA75A /* MullerBold.ttf in Resources */,
				32B5778226B98F50001BA75A /* MullerLightItalic.ttf in Resources */,
				32B5777E26B98F50001BA75A /* MullerRegular.ttf in Resources */,
				32B5778A26B98F50001BA75A /* MullerMedium.ttf in Resources */,
				32B5777D26B98F50001BA75A /* MullerExtraBold.ttf in Resources */,
				32264F992666838F0021F4FE /* LaunchScreen.storyboard in Resources */,
				32B5778126B98F50001BA75A /* MullerHeavy.ttf in Resources */,
				32B5778426B98F50001BA75A /* MullerHairlineItalic.ttf in Resources */,
				32B5777A26B98F50001BA75A /* MullerHairline.ttf in Resources */,
				32B5778026B98F50001BA75A /* MullerMediumItalic.ttf in Resources */,
				32B5777F26B98F50001BA75A /* MullerLight.ttf in Resources */,
				32264F962666838F0021F4FE /* Assets.xcassets in Resources */,
				32B5778526B98F50001BA75A /* MullerThinItalic.ttf in Resources */,
				32B5778826B98F50001BA75A /* MullerUltraLightItalic.ttf in Resources */,
				32264F942666838D0021F4FE /* Main.storyboard in Resources */,
				32B5778B26B98F50001BA75A /* MullerUltraLight.ttf in Resources */,
				32B5778326B98F50001BA75A /* MullerBlackItalic.ttf in Resources */,
				32B5777C26B98F50001BA75A /* MullerThin.ttf in Resources */,
				32B5778926B98F50001BA75A /* MullerHeavyItalic.ttf in Resources */,
				32B5777B26B98F50001BA75A /* MullerBoldItalic.ttf in Resources */,
				32B5778726B98F50001BA75A /* MullerRegularItalic.ttf in Resources */,
				32B5778626B98F50001BA75A /* MullerExtraBoldItalic.ttf in Resources */,
			);
			runOnlyForDeploymentPostprocessing = 0;
		};
/* End PBXResourcesBuildPhase section */

/* Begin PBXSourcesBuildPhase section */
		32264F852666838D0021F4FE /* Sources */ = {
			isa = PBXSourcesBuildPhase;
			buildActionMask = 2147483647;
			files = (
				32264F912666838D0021F4FE /* ViewController.swift in Sources */,
				3260AD6A26BC3EFC005643BB /* EffectViewController.swift in Sources */,
				32B5779126BBF8D3001BA75A /* Communication.swift in Sources */,
				32264F8D2666838D0021F4FE /* AppDelegate.swift in Sources */,
				32264F8F2666838D0021F4FE /* SceneDelegate.swift in Sources */,
				3260AD7D26BC5507005643BB /* ControlViewController.swift in Sources */,
				32B5776326B98343001BA75A /* Device.swift in Sources */,
			);
			runOnlyForDeploymentPostprocessing = 0;
		};
/* End PBXSourcesBuildPhase section */

/* Begin PBXVariantGroup section */
		32264F922666838D0021F4FE /* Main.storyboard */ = {
			isa = PBXVariantGroup;
			children = (
				32264F932666838D0021F4FE /* Base */,
			);
			name = Main.storyboard;
			sourceTree = "<group>";
		};
		32264F972666838F0021F4FE /* LaunchScreen.storyboard */ = {
			isa = PBXVariantGroup;
			children = (
				32264F982666838F0021F4FE /* Base */,
			);
			name = LaunchScreen.storyboard;
			sourceTree = "<group>";
		};
/* End PBXVariantGroup section */

/* Begin XCBuildConfiguration section */
		32264F9B2666838F0021F4FE /* Debug */ = {
			isa = XCBuildConfiguration;
			buildSettings = {
				ALWAYS_SEARCH_USER_PATHS = NO;
				CLANG_ANALYZER_NONNULL = YES;
				CLANG_ANALYZER_NUMBER_OBJECT_CONVERSION = YES_AGGRESSIVE;
				CLANG_CXX_LANGUAGE_STANDARD = "gnu++14";
				CLANG_CXX_LIBRARY = "libc++";
				CLANG_ENABLE_MODULES = YES;
				CLANG_ENABLE_OBJC_ARC = YES;
				CLANG_ENABLE_OBJC_WEAK = YES;
				CLANG_WARN_BLOCK_CAPTURE_AUTORELEASING = YES;
				CLANG_WARN_BOOL_CONVERSION = YES;
				CLANG_WARN_COMMA = YES;
				CLANG_WARN_CONSTANT_CONVERSION = YES;
				CLANG_WARN_DEPRECATED_OBJC_IMPLEMENTATIONS = YES;
				CLANG_WARN_DIRECT_OBJC_ISA_USAGE = YES_ERROR;
				CLANG_WARN_DOCUMENTATION_COMMENTS = YES;
				CLANG_WARN_EMPTY_BODY = YES;
				CLANG_WARN_ENUM_CONVERSION = YES;
				CLANG_WARN_INFINITE_RECURSION = YES;
				CLANG_WARN_INT_CONVERSION = YES;
				CLANG_WARN_NON_LITERAL_NULL_CONVERSION = YES;
				CLANG_WARN_OBJC_IMPLICIT_RETAIN_SELF = YES;
				CLANG_WARN_OBJC_LITERAL_CONVERSION = YES;
				CLANG_WARN_OBJC_ROOT_CLASS = YES_ERROR;
				CLANG_WARN_QUOTED_INCLUDE_IN_FRAMEWORK_HEADER = YES;
				CLANG_WARN_RANGE_LOOP_ANALYSIS = YES;
				CLANG_WARN_STRICT_PROTOTYPES = YES;
				CLANG_WARN_SUSPICIOUS_MOVE = YES;
				CLANG_WARN_UNGUARDED_AVAILABILITY = YES_AGGRESSIVE;
				CLANG_WARN_UNREACHABLE_CODE = YES;
				CLANG_WARN__DUPLICATE_METHOD_MATCH = YES;
				COPY_PHASE_STRIP = NO;
				DEBUG_INFORMATION_FORMAT = dwarf;
				ENABLE_STRICT_OBJC_MSGSEND = YES;
				ENABLE_TESTABILITY = YES;
				GCC_C_LANGUAGE_STANDARD = gnu11;
				GCC_DYNAMIC_NO_PIC = NO;
				GCC_NO_COMMON_BLOCKS = YES;
				GCC_OPTIMIZATION_LEVEL = 0;
				GCC_PREPROCESSOR_DEFINITIONS = (
					"DEBUG=1",
					"$(inherited)",
				);
				GCC_WARN_64_TO_32_BIT_CONVERSION = YES;
				GCC_WARN_ABOUT_RETURN_TYPE = YES_ERROR;
				GCC_WARN_UNDECLARED_SELECTOR = YES;
				GCC_WARN_UNINITIALIZED_AUTOS = YES_AGGRESSIVE;
				GCC_WARN_UNUSED_FUNCTION = YES;
				GCC_WARN_UNUSED_VARIABLE = YES;
				IPHONEOS_DEPLOYMENT_TARGET = 14.5;
				MTL_ENABLE_DEBUG_INFO = INCLUDE_SOURCE;
				MTL_FAST_MATH = YES;
				ONLY_ACTIVE_ARCH = YES;
				SDKROOT = iphoneos;
				SWIFT_ACTIVE_COMPILATION_CONDITIONS = DEBUG;
				SWIFT_OPTIMIZATION_LEVEL = "-Onone";
			};
			name = Debug;
		};
		32264F9C2666838F0021F4FE /* Release */ = {
			isa = XCBuildConfiguration;
			buildSettings = {
				ALWAYS_SEARCH_USER_PATHS = NO;
				CLANG_ANALYZER_NONNULL = YES;
				CLANG_ANALYZER_NUMBER_OBJECT_CONVERSION = YES_AGGRESSIVE;
				CLANG_CXX_LANGUAGE_STANDARD = "gnu++14";
				CLANG_CXX_LIBRARY = "libc++";
				CLANG_ENABLE_MODULES = YES;
				CLANG_ENABLE_OBJC_ARC = YES;
				CLANG_ENABLE_OBJC_WEAK = YES;
				CLANG_WARN_BLOCK_CAPTURE_AUTORELEASING = YES;
				CLANG_WARN_BOOL_CONVERSION = YES;
				CLANG_WARN_COMMA = YES;
				CLANG_WARN_CONSTANT_CONVERSION = YES;
				CLANG_WARN_DEPRECATED_OBJC_IMPLEMENTATIONS = YES;
				CLANG_WARN_DIRECT_OBJC_ISA_USAGE = YES_ERROR;
				CLANG_WARN_DOCUMENTATION_COMMENTS = YES;
				CLANG_WARN_EMPTY_BODY = YES;
				CLANG_WARN_ENUM_CONVERSION = YES;
				CLANG_WARN_INFINITE_RECURSION = YES;
				CLANG_WARN_INT_CONVERSION = YES;
				CLANG_WARN_NON_LITERAL_NULL_CONVERSION = YES;
				CLANG_WARN_OBJC_IMPLICIT_RETAIN_SELF = YES;
				CLANG_WARN_OBJC_LITERAL_CONVERSION = YES;
				CLANG_WARN_OBJC_ROOT_CLASS = YES_ERROR;
				CLANG_WARN_QUOTED_INCLUDE_IN_FRAMEWORK_HEADER = YES;
				CLANG_WARN_RANGE_LOOP_ANALYSIS = YES;
				CLANG_WARN_STRICT_PROTOTYPES = YES;
				CLANG_WARN_SUSPICIOUS_MOVE = YES;
				CLANG_WARN_UNGUARDED_AVAILABILITY = YES_AGGRESSIVE;
				CLANG_WARN_UNREACHABLE_CODE = YES;
				CLANG_WARN__DUPLICATE_METHOD_MATCH = YES;
				COPY_PHASE_STRIP = NO;
				DEBUG_INFORMATION_FORMAT = "dwarf-with-dsym";
				ENABLE_NS_ASSERTIONS = NO;
				ENABLE_STRICT_OBJC_MSGSEND = YES;
				GCC_C_LANGUAGE_STANDARD = gnu11;
				GCC_NO_COMMON_BLOCKS = YES;
				GCC_WARN_64_TO_32_BIT_CONVERSION = YES;
				GCC_WARN_ABOUT_RETURN_TYPE = YES_ERROR;
				GCC_WARN_UNDECLARED_SELECTOR = YES;
				GCC_WARN_UNINITIALIZED_AUTOS = YES_AGGRESSIVE;
				GCC_WARN_UNUSED_FUNCTION = YES;
				GCC_WARN_UNUSED_VARIABLE = YES;
				IPHONEOS_DEPLOYMENT_TARGET = 14.5;
				MTL_ENABLE_DEBUG_INFO = NO;
				MTL_FAST_MATH = YES;
				SDKROOT = iphoneos;
				SWIFT_COMPILATION_MODE = wholemodule;
				SWIFT_OPTIMIZATION_LEVEL = "-O";
				VALIDATE_PRODUCT = YES;
			};
			name = Release;
		};
		32264F9E2666838F0021F4FE /* Debug */ = {
			isa = XCBuildConfiguration;
			buildSettings = {
				ASSETCATALOG_COMPILER_APPICON_NAME = AppIcon;
				ASSETCATALOG_COMPILER_GLOBAL_ACCENT_COLOR_NAME = AccentColor;
				CODE_SIGN_STYLE = Automatic;
				CURRENT_PROJECT_VERSION = 3;
				DEVELOPMENT_TEAM = R35DK7HHMB;
				INFOPLIST_FILE = "Exoy Control/Info.plist";
				LD_RUNPATH_SEARCH_PATHS = (
					"$(inherited)",
					"@executable_path/Frameworks",
				);
				MARKETING_VERSION = 1.1;
				PRODUCT_BUNDLE_IDENTIFIER = "eu.exoy.Exoy-Control";
				PRODUCT_NAME = "$(TARGET_NAME)";
				SWIFT_VERSION = 5.0;
				TARGETED_DEVICE_FAMILY = "1,2";
			};
			name = Debug;
		};
		32264F9F2666838F0021F4FE /* Release */ = {
			isa = XCBuildConfiguration;
			buildSettings = {
				ASSETCATALOG_COMPILER_APPICON_NAME = AppIcon;
				ASSETCATALOG_COMPILER_GLOBAL_ACCENT_COLOR_NAME = AccentColor;
				CODE_SIGN_STYLE = Automatic;
				CURRENT_PROJECT_VERSION = 3;
				DEVELOPMENT_TEAM = R35DK7HHMB;
				INFOPLIST_FILE = "Exoy Control/Info.plist";
				LD_RUNPATH_SEARCH_PATHS = (
					"$(inherited)",
					"@executable_path/Frameworks",
				);
				MARKETING_VERSION = 1.1;
				PRODUCT_BUNDLE_IDENTIFIER = "eu.exoy.Exoy-Control";
				PRODUCT_NAME = "$(TARGET_NAME)";
				SWIFT_VERSION = 5.0;
				TARGETED_DEVICE_FAMILY = "1,2";
			};
			name = Release;
		};
/* End XCBuildConfiguration section */

/* Begin XCConfigurationList section */
		32264F842666838D0021F4FE /* Build configuration list for PBXProject "Exoy Control" */ = {
			isa = XCConfigurationList;
			buildConfigurations = (
				32264F9B2666838F0021F4FE /* Debug */,
				32264F9C2666838F0021F4FE /* Release */,
			);
			defaultConfigurationIsVisible = 0;
			defaultConfigurationName = Release;
		};
		32264F9D2666838F0021F4FE /* Build configuration list for PBXNativeTarget "Exoy Control" */ = {
			isa = XCConfigurationList;
			buildConfigurations = (
				32264F9E2666838F0021F4FE /* Debug */,
				32264F9F2666838F0021F4FE /* Release */,
			);
			defaultConfigurationIsVisible = 0;
			defaultConfigurationName = Release;
		};
/* End XCConfigurationList section */
	};
	rootObject = 32264F812666838D0021F4FE /* Project object */;
}
